// !$*UTF8*$!
{
	archiveVersion = 1;
	classes = {
	};
	objectVersion = 55;
	objects = {

/* Begin PBXBuildFile section */
		A2A5DFB8288D9A480068E8FC /* AppDelegate.swift in Sources */ = {isa = PBXBuildFile; fileRef = A2A5DFB7288D9A480068E8FC /* AppDelegate.swift */; };
		A2A5DFBA288D9A480068E8FC /* SceneDelegate.swift in Sources */ = {isa = PBXBuildFile; fileRef = A2A5DFB9288D9A480068E8FC /* SceneDelegate.swift */; };
		A2A5DFBC288D9A480068E8FC /* ViewController.swift in Sources */ = {isa = PBXBuildFile; fileRef = A2A5DFBB288D9A480068E8FC /* ViewController.swift */; };
		A2A5DFBF288D9A480068E8FC /* Main.storyboard in Resources */ = {isa = PBXBuildFile; fileRef = A2A5DFBD288D9A480068E8FC /* Main.storyboard */; };
		A2A5DFC1288D9A490068E8FC /* Assets.xcassets in Resources */ = {isa = PBXBuildFile; fileRef = A2A5DFC0288D9A490068E8FC /* Assets.xcassets */; };
		A2A5DFC4288D9A490068E8FC /* LaunchScreen.storyboard in Resources */ = {isa = PBXBuildFile; fileRef = A2A5DFC2288D9A490068E8FC /* LaunchScreen.storyboard */; };
		A2A5DFCF288D9A490068E8FC /* landmarkBookTests.swift in Sources */ = {isa = PBXBuildFile; fileRef = A2A5DFCE288D9A490068E8FC /* landmarkBookTests.swift */; };
		A2A5DFD9288D9A490068E8FC /* landmarkBookUITests.swift in Sources */ = {isa = PBXBuildFile; fileRef = A2A5DFD8288D9A490068E8FC /* landmarkBookUITests.swift */; };
		A2A5DFDB288D9A490068E8FC /* landmarkBookUITestsLaunchTests.swift in Sources */ = {isa = PBXBuildFile; fileRef = A2A5DFDA288D9A490068E8FC /* landmarkBookUITestsLaunchTests.swift */; };
		A2A5DFF2288F189B0068E8FC /* secondViewController.swift in Sources */ = {isa = PBXBuildFile; fileRef = A2A5DFF1288F189B0068E8FC /* secondViewController.swift */; };
/* End PBXBuildFile section */

/* Begin PBXContainerItemProxy section */
		A2A5DFCB288D9A490068E8FC /* PBXContainerItemProxy */ = {
			isa = PBXContainerItemProxy;
			containerPortal = A2A5DFAC288D9A480068E8FC /* Project object */;
			proxyType = 1;
			remoteGlobalIDString = A2A5DFB3288D9A480068E8FC;
			remoteInfo = landmarkBook;
		};
		A2A5DFD5288D9A490068E8FC /* PBXContainerItemProxy */ = {
			isa = PBXContainerItemProxy;
			containerPortal = A2A5DFAC288D9A480068E8FC /* Project object */;
			proxyType = 1;
			remoteGlobalIDString = A2A5DFB3288D9A480068E8FC;
			remoteInfo = landmarkBook;
		};
/* End PBXContainerItemProxy section */

/* Begin PBXFileReference section */
		A2A5DFB4288D9A480068E8FC /* landmarkBook.app */ = {isa = PBXFileReference; explicitFileType = wrapper.application; includeInIndex = 0; path = landmarkBook.app; sourceTree = BUILT_PRODUCTS_DIR; };
		A2A5DFB7288D9A480068E8FC /* AppDelegate.swift */ = {isa = PBXFileReference; lastKnownFileType = sourcecode.swift; path = AppDelegate.swift; sourceTree = "<group>"; };
		A2A5DFB9288D9A480068E8FC /* SceneDelegate.swift */ = {isa = PBXFileReference; lastKnownFileType = sourcecode.swift; path = SceneDelegate.swift; sourceTree = "<group>"; };
		A2A5DFBB288D9A480068E8FC /* ViewController.swift */ = {isa = PBXFileReference; lastKnownFileType = sourcecode.swift; path = ViewController.swift; sourceTree = "<group>"; };
		A2A5DFBE288D9A480068E8FC /* Base */ = {isa = PBXFileReference; lastKnownFileType = file.storyboard; name = Base; path = Base.lproj/Main.storyboard; sourceTree = "<group>"; };
		A2A5DFC0288D9A490068E8FC /* Assets.xcassets */ = {isa = PBXFileReference; lastKnownFileType = folder.assetcatalog; path = Assets.xcassets; sourceTree = "<group>"; };
		A2A5DFC3288D9A490068E8FC /* Base */ = {isa = PBXFileReference; lastKnownFileType = file.storyboard; name = Base; path = Base.lproj/LaunchScreen.storyboard; sourceTree = "<group>"; };
		A2A5DFC5288D9A490068E8FC /* Info.plist */ = {isa = PBXFileReference; lastKnownFileType = text.plist.xml; path = Info.plist; sourceTree = "<group>"; };
		A2A5DFCA288D9A490068E8FC /* landmarkBookTests.xctest */ = {isa = PBXFileReference; explicitFileType = wrapper.cfbundle; includeInIndex = 0; path = landmarkBookTests.xctest; sourceTree = BUILT_PRODUCTS_DIR; };
		A2A5DFCE288D9A490068E8FC /* landmarkBookTests.swift */ = {isa = PBXFileReference; lastKnownFileType = sourcecode.swift; path = landmarkBookTests.swift; sourceTree = "<group>"; };
		A2A5DFD4288D9A490068E8FC /* landmarkBookUITests.xctest */ = {isa = PBXFileReference; explicitFileType = wrapper.cfbundle; includeInIndex = 0; path = landmarkBookUITests.xctest; sourceTree = BUILT_PRODUCTS_DIR; };
		A2A5DFD8288D9A490068E8FC /* landmarkBookUITests.swift */ = {isa = PBXFileReference; lastKnownFileType = sourcecode.swift; path = landmarkBookUITests.swift; sourceTree = "<group>"; };
		A2A5DFDA288D9A490068E8FC /* landmarkBookUITestsLaunchTests.swift */ = {isa = PBXFileReference; lastKnownFileType = sourcecode.swift; path = landmarkBookUITestsLaunchTests.swift; sourceTree = "<group>"; };
		A2A5DFF1288F189B0068E8FC /* secondViewController.swift */ = {isa = PBXFileReference; lastKnownFileType = sourcecode.swift; path = secondViewController.swift; sourceTree = "<group>"; };
/* End PBXFileReference section */

/* Begin PBXFrameworksBuildPhase section */
		A2A5DFB1288D9A480068E8FC /* Frameworks */ = {
			isa = PBXFrameworksBuildPhase;
			buildActionMask = 2147483647;
			files = (
			);
			runOnlyForDeploymentPostprocessing = 0;
		};
		A2A5DFC7288D9A490068E8FC /* Frameworks */ = {
			isa = PBXFrameworksBuildPhase;
			buildActionMask = 2147483647;
			files = (
			);
			runOnlyForDeploymentPostprocessing = 0;
		};
		A2A5DFD1288D9A490068E8FC /* Frameworks */ = {
			isa = PBXFrameworksBuildPhase;
			buildActionMask = 2147483647;
			files = (
			);
			runOnlyForDeploymentPostprocessing = 0;
		};
/* End PBXFrameworksBuildPhase section */

/* Begin PBXGroup section */
		A2A5DFAB288D9A480068E8FC = {
			isa = PBXGroup;
			children = (
				A2A5DFF1288F189B0068E8FC /* secondViewController.swift */,
				A2A5DFB6288D9A480068E8FC /* landmarkBook */,
				A2A5DFCD288D9A490068E8FC /* landmarkBookTests */,
				A2A5DFD7288D9A490068E8FC /* landmarkBookUITests */,
				A2A5DFB5288D9A480068E8FC /* Products */,
			);
			sourceTree = "<group>";
		};
		A2A5DFB5288D9A480068E8FC /* Products */ = {
			isa = PBXGroup;
			children = (
				A2A5DFB4288D9A480068E8FC /* landmarkBook.app */,
				A2A5DFCA288D9A490068E8FC /* landmarkBookTests.xctest */,
				A2A5DFD4288D9A490068E8FC /* landmarkBookUITests.xctest */,
			);
			name = Products;
			sourceTree = "<group>";
		};
		A2A5DFB6288D9A480068E8FC /* landmarkBook */ = {
			isa = PBXGroup;
			children = (
				A2A5DFB7288D9A480068E8FC /* AppDelegate.swift */,
				A2A5DFB9288D9A480068E8FC /* SceneDelegate.swift */,
				A2A5DFBB288D9A480068E8FC /* ViewController.swift */,
				A2A5DFBD288D9A480068E8FC /* Main.storyboard */,
				A2A5DFC0288D9A490068E8FC /* Assets.xcassets */,
				A2A5DFC2288D9A490068E8FC /* LaunchScreen.storyboard */,
				A2A5DFC5288D9A490068E8FC /* Info.plist */,
			);
			path = landmarkBook;
			sourceTree = "<group>";
		};
		A2A5DFCD288D9A490068E8FC /* landmarkBookTests */ = {
			isa = PBXGroup;
			children = (
				A2A5DFCE288D9A490068E8FC /* landmarkBookTests.swift */,
			);
			path = landmarkBookTests;
			sourceTree = "<group>";
		};
		A2A5DFD7288D9A490068E8FC /* landmarkBookUITests */ = {
			isa = PBXGroup;
			children = (
				A2A5DFD8288D9A490068E8FC /* landmarkBookUITests.swift */,
				A2A5DFDA288D9A490068E8FC /* landmarkBookUITestsLaunchTests.swift */,
			);
			path = landmarkBookUITests;
			sourceTree = "<group>";
		};
/* End PBXGroup section */

/* Begin PBXNativeTarget section */
		A2A5DFB3288D9A480068E8FC /* landmarkBook */ = {
			isa = PBXNativeTarget;
			buildConfigurationList = A2A5DFDE288D9A490068E8FC /* Build configuration list for PBXNativeTarget "landmarkBook" */;
			buildPhases = (
				A2A5DFB0288D9A480068E8FC /* Sources */,
				A2A5DFB1288D9A480068E8FC /* Frameworks */,
				A2A5DFB2288D9A480068E8FC /* Resources */,
			);
			buildRules = (
			);
			dependencies = (
			);
			name = landmarkBook;
			productName = landmarkBook;
			productReference = A2A5DFB4288D9A480068E8FC /* landmarkBook.app */;
			productType = "com.apple.product-type.application";
		};
		A2A5DFC9288D9A490068E8FC /* landmarkBookTests */ = {
			isa = PBXNativeTarget;
			buildConfigurationList = A2A5DFE1288D9A490068E8FC /* Build configuration list for PBXNativeTarget "landmarkBookTests" */;
			buildPhases = (
				A2A5DFC6288D9A490068E8FC /* Sources */,
				A2A5DFC7288D9A490068E8FC /* Frameworks */,
				A2A5DFC8288D9A490068E8FC /* Resources */,
			);
			buildRules = (
			);
			dependencies = (
				A2A5DFCC288D9A490068E8FC /* PBXTargetDependency */,
			);
			name = landmarkBookTests;
			productName = landmarkBookTests;
			productReference = A2A5DFCA288D9A490068E8FC /* landmarkBookTests.xctest */;
			productType = "com.apple.product-type.bundle.unit-test";
		};
		A2A5DFD3288D9A490068E8FC /* landmarkBookUITests */ = {
			isa = PBXNativeTarget;
			buildConfigurationList = A2A5DFE4288D9A490068E8FC /* Build configuration list for PBXNativeTarget "landmarkBookUITests" */;
			buildPhases = (
				A2A5DFD0288D9A490068E8FC /* Sources */,
				A2A5DFD1288D9A490068E8FC /* Frameworks */,
				A2A5DFD2288D9A490068E8FC /* Resources */,
			);
			buildRules = (
			);
			dependencies = (
				A2A5DFD6288D9A490068E8FC /* PBXTargetDependency */,
			);
			name = landmarkBookUITests;
			productName = landmarkBookUITests;
			productReference = A2A5DFD4288D9A490068E8FC /* landmarkBookUITests.xctest */;
			productType = "com.apple.product-type.bundle.ui-testing";
		};
/* End PBXNativeTarget section */

/* Begin PBXProject section */
		A2A5DFAC288D9A480068E8FC /* Project object */ = {
			isa = PBXProject;
			attributes = {
				BuildIndependentTargetsInParallel = 1;
				LastSwiftUpdateCheck = 1340;
				LastUpgradeCheck = 1340;
				TargetAttributes = {
					A2A5DFB3288D9A480068E8FC = {
						CreatedOnToolsVersion = 13.4.1;
					};
					A2A5DFC9288D9A490068E8FC = {
						CreatedOnToolsVersion = 13.4.1;
						TestTargetID = A2A5DFB3288D9A480068E8FC;
					};
					A2A5DFD3288D9A490068E8FC = {
						CreatedOnToolsVersion = 13.4.1;
						TestTargetID = A2A5DFB3288D9A480068E8FC;
					};
				};
			};
			buildConfigurationList = A2A5DFAF288D9A480068E8FC /* Build configuration list for PBXProject "landmarkBook" */;
			compatibilityVersion = "Xcode 13.0";
			developmentRegion = en;
			hasScannedForEncodings = 0;
			knownRegions = (
				en,
				Base,
			);
			mainGroup = A2A5DFAB288D9A480068E8FC;
			productRefGroup = A2A5DFB5288D9A480068E8FC /* Products */;
			projectDirPath = "";
			projectRoot = "";
			targets = (
				A2A5DFB3288D9A480068E8FC /* landmarkBook */,
				A2A5DFC9288D9A490068E8FC /* landmarkBookTests */,
				A2A5DFD3288D9A490068E8FC /* landmarkBookUITests */,
			);
		};
/* End PBXProject section */

/* Begin PBXResourcesBuildPhase section */
		A2A5DFB2288D9A480068E8FC /* Resources */ = {
			isa = PBXResourcesBuildPhase;
			buildActionMask = 2147483647;
			files = (
				A2A5DFC4288D9A490068E8FC /* LaunchScreen.storyboard in Resources */,
				A2A5DFC1288D9A490068E8FC /* Assets.xcassets in Resources */,
				A2A5DFBF288D9A480068E8FC /* Main.storyboard in Resources */,
			);
			runOnlyForDeploymentPostprocessing = 0;
		};
		A2A5DFC8288D9A490068E8FC /* Resources */ = {
			isa = PBXResourcesBuildPhase;
			buildActionMask = 2147483647;
			files = (
			);
			runOnlyForDeploymentPostprocessing = 0;
		};
		A2A5DFD2288D9A490068E8FC /* Resources */ = {
			isa = PBXResourcesBuildPhase;
			buildActionMask = 2147483647;
			files = (
			);
			runOnlyForDeploymentPostprocessing = 0;
		};
/* End PBXResourcesBuildPhase section */

/* Begin PBXSourcesBuildPhase section */
		A2A5DFB0288D9A480068E8FC /* Sources */ = {
			isa = PBXSourcesBuildPhase;
			buildActionMask = 2147483647;
			files = (
				A2A5DFF2288F189B0068E8FC /* secondViewController.swift in Sources */,
				A2A5DFBC288D9A480068E8FC /* ViewController.swift in Sources */,
				A2A5DFB8288D9A480068E8FC /* AppDelegate.swift in Sources */,
				A2A5DFBA288D9A480068E8FC /* SceneDelegate.swift in Sources */,
			);
			runOnlyForDeploymentPostprocessing = 0;
		};
		A2A5DFC6288D9A490068E8FC /* Sources */ = {
			isa = PBXSourcesBuildPhase;
			buildActionMask = 2147483647;
			files = (
				A2A5DFCF288D9A490068E8FC /* landmarkBookTests.swift in Sources */,
			);
			runOnlyForDeploymentPostprocessing = 0;
		};
		A2A5DFD0288D9A490068E8FC /* Sources */ = {
			isa = PBXSourcesBuildPhase;
			buildActionMask = 2147483647;
			files = (
				A2A5DFD9288D9A490068E8FC /* landmarkBookUITests.swift in Sources */,
				A2A5DFDB288D9A490068E8FC /* landmarkBookUITestsLaunchTests.swift in Sources */,
			);
			runOnlyForDeploymentPostprocessing = 0;
		};
/* End PBXSourcesBuildPhase section */

/* Begin PBXTargetDependency section */
		A2A5DFCC288D9A490068E8FC /* PBXTargetDependency */ = {
			isa = PBXTargetDependency;
			target = A2A5DFB3288D9A480068E8FC /* landmarkBook */;
			targetProxy = A2A5DFCB288D9A490068E8FC /* PBXContainerItemProxy */;
		};
		A2A5DFD6288D9A490068E8FC /* PBXTargetDependency */ = {
			isa = PBXTargetDependency;
			target = A2A5DFB3288D9A480068E8FC /* landmarkBook */;
			targetProxy = A2A5DFD5288D9A490068E8FC /* PBXContainerItemProxy */;
		};
/* End PBXTargetDependency section */

/* Begin PBXVariantGroup section */
		A2A5DFBD288D9A480068E8FC /* Main.storyboard */ = {
			isa = PBXVariantGroup;
			children = (
				A2A5DFBE288D9A480068E8FC /* Base */,
			);
			name = Main.storyboard;
			sourceTree = "<group>";
		};
		A2A5DFC2288D9A490068E8FC /* LaunchScreen.storyboard */ = {
			isa = PBXVariantGroup;
			children = (
				A2A5DFC3288D9A490068E8FC /* Base */,
			);
			name = LaunchScreen.storyboard;
			sourceTree = "<group>";
		};
/* End PBXVariantGroup section */

/* Begin XCBuildConfiguration section */
		A2A5DFDC288D9A490068E8FC /* Debug */ = {
			isa = XCBuildConfiguration;
			buildSettings = {
				ALWAYS_SEARCH_USER_PATHS = NO;
				CLANG_ANALYZER_NONNULL = YES;
				CLANG_ANALYZER_NUMBER_OBJECT_CONVERSION = YES_AGGRESSIVE;
				CLANG_CXX_LANGUAGE_STANDARD = "gnu++17";
				CLANG_ENABLE_MODULES = YES;
				CLANG_ENABLE_OBJC_ARC = YES;
				CLANG_ENABLE_OBJC_WEAK = YES;
				CLANG_WARN_BLOCK_CAPTURE_AUTORELEASING = YES;
				CLANG_WARN_BOOL_CONVERSION = YES;
				CLANG_WARN_COMMA = YES;
				CLANG_WARN_CONSTANT_CONVERSION = YES;
				CLANG_WARN_DEPRECATED_OBJC_IMPLEMENTATIONS = YES;
				CLANG_WARN_DIRECT_OBJC_ISA_USAGE = YES_ERROR;
				CLANG_WARN_DOCUMENTATION_COMMENTS = YES;
				CLANG_WARN_EMPTY_BODY = YES;
				CLANG_WARN_ENUM_CONVERSION = YES;
				CLANG_WARN_INFINITE_RECURSION = YES;
				CLANG_WARN_INT_CONVERSION = YES;
				CLANG_WARN_NON_LITERAL_NULL_CONVERSION = YES;
				CLANG_WARN_OBJC_IMPLICIT_RETAIN_SELF = YES;
				CLANG_WARN_OBJC_LITERAL_CONVERSION = YES;
				CLANG_WARN_OBJC_ROOT_CLASS = YES_ERROR;
				CLANG_WARN_QUOTED_INCLUDE_IN_FRAMEWORK_HEADER = YES;
				CLANG_WARN_RANGE_LOOP_ANALYSIS = YES;
				CLANG_WARN_STRICT_PROTOTYPES = YES;
				CLANG_WARN_SUSPICIOUS_MOVE = YES;
				CLANG_WARN_UNGUARDED_AVAILABILITY = YES_AGGRESSIVE;
				CLANG_WARN_UNREACHABLE_CODE = YES;
				CLANG_WARN__DUPLICATE_METHOD_MATCH = YES;
				COPY_PHASE_STRIP = NO;
				DEBUG_INFORMATION_FORMAT = dwarf;
				ENABLE_STRICT_OBJC_MSGSEND = YES;
				ENABLE_TESTABILITY = YES;
				GCC_C_LANGUAGE_STANDARD = gnu11;
				GCC_DYNAMIC_NO_PIC = NO;
				GCC_NO_COMMON_BLOCKS = YES;
				GCC_OPTIMIZATION_LEVEL = 0;
				GCC_PREPROCESSOR_DEFINITIONS = (
					"DEBUG=1",
					"$(inherited)",
				);
				GCC_WARN_64_TO_32_BIT_CONVERSION = YES;
				GCC_WARN_ABOUT_RETURN_TYPE = YES_ERROR;
				GCC_WARN_UNDECLARED_SELECTOR = YES;
				GCC_WARN_UNINITIALIZED_AUTOS = YES_AGGRESSIVE;
				GCC_WARN_UNUSED_FUNCTION = YES;
				GCC_WARN_UNUSED_VARIABLE = YES;
				IPHONEOS_DEPLOYMENT_TARGET = 15.5;
				MTL_ENABLE_DEBUG_INFO = INCLUDE_SOURCE;
				MTL_FAST_MATH = YES;
				ONLY_ACTIVE_ARCH = YES;
				SDKROOT = iphoneos;
				SWIFT_ACTIVE_COMPILATION_CONDITIONS = DEBUG;
				SWIFT_OPTIMIZATION_LEVEL = "-Onone";
			};
			name = Debug;
		};
		A2A5DFDD288D9A490068E8FC /* Release */ = {
			isa = XCBuildConfiguration;
			buildSettings = {
				ALWAYS_SEARCH_USER_PATHS = NO;
				CLANG_ANALYZER_NONNULL = YES;
				CLANG_ANALYZER_NUMBER_OBJECT_CONVERSION = YES_AGGRESSIVE;
				CLANG_CXX_LANGUAGE_STANDARD = "gnu++17";
				CLANG_ENABLE_MODULES = YES;
				CLANG_ENABLE_OBJC_ARC = YES;
				CLANG_ENABLE_OBJC_WEAK = YES;
				CLANG_WARN_BLOCK_CAPTURE_AUTORELEASING = YES;
				CLANG_WARN_BOOL_CONVERSION = YES;
				CLANG_WARN_COMMA = YES;
				CLANG_WARN_CONSTANT_CONVERSION = YES;
				CLANG_WARN_DEPRECATED_OBJC_IMPLEMENTATIONS = YES;
				CLANG_WARN_DIRECT_OBJC_ISA_USAGE = YES_ERROR;
				CLANG_WARN_DOCUMENTATION_COMMENTS = YES;
				CLANG_WARN_EMPTY_BODY = YES;
				CLANG_WARN_ENUM_CONVERSION = YES;
				CLANG_WARN_INFINITE_RECURSION = YES;
				CLANG_WARN_INT_CONVERSION = YES;
				CLANG_WARN_NON_LITERAL_NULL_CONVERSION = YES;
				CLANG_WARN_OBJC_IMPLICIT_RETAIN_SELF = YES;
				CLANG_WARN_OBJC_LITERAL_CONVERSION = YES;
				CLANG_WARN_OBJC_ROOT_CLASS = YES_ERROR;
				CLANG_WARN_QUOTED_INCLUDE_IN_FRAMEWORK_HEADER = YES;
				CLANG_WARN_RANGE_LOOP_ANALYSIS = YES;
				CLANG_WARN_STRICT_PROTOTYPES = YES;
				CLANG_WARN_SUSPICIOUS_MOVE = YES;
				CLANG_WARN_UNGUARDED_AVAILABILITY = YES_AGGRESSIVE;
				CLANG_WARN_UNREACHABLE_CODE = YES;
				CLANG_WARN__DUPLICATE_METHOD_MATCH = YES;
				COPY_PHASE_STRIP = NO;
				DEBUG_INFORMATION_FORMAT = "dwarf-with-dsym";
				ENABLE_NS_ASSERTIONS = NO;
				ENABLE_STRICT_OBJC_MSGSEND = YES;
				GCC_C_LANGUAGE_STANDARD = gnu11;
				GCC_NO_COMMON_BLOCKS = YES;
				GCC_WARN_64_TO_32_BIT_CONVERSION = YES;
				GCC_WARN_ABOUT_RETURN_TYPE = YES_ERROR;
				GCC_WARN_UNDECLARED_SELECTOR = YES;
				GCC_WARN_UNINITIALIZED_AUTOS = YES_AGGRESSIVE;
				GCC_WARN_UNUSED_FUNCTION = YES;
				GCC_WARN_UNUSED_VARIABLE = YES;
				IPHONEOS_DEPLOYMENT_TARGET = 15.5;
				MTL_ENABLE_DEBUG_INFO = NO;
				MTL_FAST_MATH = YES;
				SDKROOT = iphoneos;
				SWIFT_COMPILATION_MODE = wholemodule;
				SWIFT_OPTIMIZATION_LEVEL = "-O";
				VALIDATE_PRODUCT = YES;
			};
			name = Release;
		};
		A2A5DFDF288D9A490068E8FC /* Debug */ = {
			isa = XCBuildConfiguration;
			buildSettings = {
				ASSETCATALOG_COMPILER_APPICON_NAME = AppIcon;
				ASSETCATALOG_COMPILER_GLOBAL_ACCENT_COLOR_NAME = AccentColor;
				CODE_SIGN_STYLE = Automatic;
				CURRENT_PROJECT_VERSION = 1;
				DEVELOPMENT_TEAM = 5W6RSR23V7;
				GENERATE_INFOPLIST_FILE = YES;
				INFOPLIST_FILE = landmarkBook/Info.plist;
				INFOPLIST_KEY_UIApplicationSupportsIndirectInputEvents = YES;
				INFOPLIST_KEY_UILaunchStoryboardName = LaunchScreen;
				INFOPLIST_KEY_UIMainStoryboardFile = Main;
				INFOPLIST_KEY_UISupportedInterfaceOrientations_iPad = "UIInterfaceOrientationPortrait UIInterfaceOrientationPortraitUpsideDown UIInterfaceOrientationLandscapeLeft UIInterfaceOrientationLandscapeRight";
				INFOPLIST_KEY_UISupportedInterfaceOrientations_iPhone = "UIInterfaceOrientationPortrait UIInterfaceOrientationLandscapeLeft UIInterfaceOrientationLandscapeRight";
				LD_RUNPATH_SEARCH_PATHS = (
					"$(inherited)",
					"@executable_path/Frameworks",
				);
				MARKETING_VERSION = 1.0;
				PRODUCT_BUNDLE_IDENTIFIER = com.alperenkavuk.landmarkBook;
				PRODUCT_NAME = "$(TARGET_NAME)";
				SWIFT_EMIT_LOC_STRINGS = YES;
				SWIFT_VERSION = 5.0;
				TARGETED_DEVICE_FAMILY = "1,2";
			};
			name = Debug;
		};
		A2A5DFE0288D9A490068E8FC /* Release */ = {
			isa = XCBuildConfiguration;
			buildSettings = {
				ASSETCATALOG_COMPILER_APPICON_NAME = AppIcon;
				ASSETCATALOG_COMPILER_GLOBAL_ACCENT_COLOR_NAME = AccentColor;
				CODE_SIGN_STYLE = Automatic;
				CURRENT_PROJECT_VERSION = 1;
				DEVELOPMENT_TEAM = 5W6RSR23V7;
				GENERATE_INFOPLIST_FILE = YES;
				INFOPLIST_FILE = landmarkBook/Info.plist;
				INFOPLIST_KEY_UIApplicationSupportsIndirectInputEvents = YES;
				INFOPLIST_KEY_UILaunchStoryboardName = LaunchScreen;
				INFOPLIST_KEY_UIMainStoryboardFile = Main;
				INFOPLIST_KEY_UISupportedInterfaceOrientations_iPad = "UIInterfaceOrientationPortrait UIInterfaceOrientationPortraitUpsideDown UIInterfaceOrientationLandscapeLeft UIInterfaceOrientationLandscapeRight";
				INFOPLIST_KEY_UISupportedInterfaceOrientations_iPhone = "UIInterfaceOrientationPortrait UIInterfaceOrientationLandscapeLeft UIInterfaceOrientationLandscapeRight";
				LD_RUNPATH_SEARCH_PATHS = (
					"$(inherited)",
					"@executable_path/Frameworks",
				);
				MARKETING_VERSION = 1.0;
				PRODUCT_BUNDLE_IDENTIFIER = com.alperenkavuk.landmarkBook;
				PRODUCT_NAME = "$(TARGET_NAME)";
				SWIFT_EMIT_LOC_STRINGS = YES;
				SWIFT_VERSION = 5.0;
				TARGETED_DEVICE_FAMILY = "1,2";
			};
			name = Release;
		};
		A2A5DFE2288D9A490068E8FC /* Debug */ = {
			isa = XCBuildConfiguration;
			buildSettings = {
				ALWAYS_EMBED_SWIFT_STANDARD_LIBRARIES = YES;
				BUNDLE_LOADER = "$(TEST_HOST)";
				CODE_SIGN_STYLE = Automatic;
				CURRENT_PROJECT_VERSION = 1;
				DEVELOPMENT_TEAM = 5W6RSR23V7;
				GENERATE_INFOPLIST_FILE = YES;
				IPHONEOS_DEPLOYMENT_TARGET = 15.5;
				MARKETING_VERSION = 1.0;
				PRODUCT_BUNDLE_IDENTIFIER = com.alperenkavuk.landmarkBookTests;
				PRODUCT_NAME = "$(TARGET_NAME)";
				SWIFT_EMIT_LOC_STRINGS = NO;
				SWIFT_VERSION = 5.0;
				TARGETED_DEVICE_FAMILY = "1,2";
				TEST_HOST = "$(BUILT_PRODUCTS_DIR)/landmarkBook.app/landmarkBook";
			};
			name = Debug;
		};
		A2A5DFE3288D9A490068E8FC /* Release */ = {
			isa = XCBuildConfiguration;
			buildSettings = {
				ALWAYS_EMBED_SWIFT_STANDARD_LIBRARIES = YES;
				BUNDLE_LOADER = "$(TEST_HOST)";
				CODE_SIGN_STYLE = Automatic;
				CURRENT_PROJECT_VERSION = 1;
				DEVELOPMENT_TEAM = 5W6RSR23V7;
				GENERATE_INFOPLIST_FILE = YES;
				IPHONEOS_DEPLOYMENT_TARGET = 15.5;
				MARKETING_VERSION = 1.0;
				PRODUCT_BUNDLE_IDENTIFIER = com.alperenkavuk.landmarkBookTests;
				PRODUCT_NAME = "$(TARGET_NAME)";
				SWIFT_EMIT_LOC_STRINGS = NO;
				SWIFT_VERSION = 5.0;
				TARGETED_DEVICE_FAMILY = "1,2";
				TEST_HOST = "$(BUILT_PRODUCTS_DIR)/landmarkBook.app/landmarkBook";
			};
			name = Release;
		};
		A2A5DFE5288D9A490068E8FC /* Debug */ = {
			isa = XCBuildConfiguration;
			buildSettings = {
				ALWAYS_EMBED_SWIFT_STANDARD_LIBRARIES = YES;
				CODE_SIGN_STYLE = Automatic;
				CURRENT_PROJECT_VERSION = 1;
				DEVELOPMENT_TEAM = 5W6RSR23V7;
				GENERATE_INFOPLIST_FILE = YES;
				MARKETING_VERSION = 1.0;
				PRODUCT_BUNDLE_IDENTIFIER = com.alperenkavuk.landmarkBookUITests;
				PRODUCT_NAME = "$(TARGET_NAME)";
				SWIFT_EMIT_LOC_STRINGS = NO;
				SWIFT_VERSION = 5.0;
				TARGETED_DEVICE_FAMILY = "1,2";
				TEST_TARGET_NAME = landmarkBook;
			};
			name = Debug;
		};
		A2A5DFE6288D9A490068E8FC /* Release */ = {
			isa = XCBuildConfiguration;
			buildSettings = {
				ALWAYS_EMBED_SWIFT_STANDARD_LIBRARIES = YES;
				CODE_SIGN_STYLE = Automatic;
				CURRENT_PROJECT_VERSION = 1;
				DEVELOPMENT_TEAM = 5W6RSR23V7;
				GENERATE_INFOPLIST_FILE = YES;
				MARKETING_VERSION = 1.0;
				PRODUCT_BUNDLE_IDENTIFIER = com.alperenkavuk.landmarkBookUITests;
				PRODUCT_NAME = "$(TARGET_NAME)";
				SWIFT_EMIT_LOC_STRINGS = NO;
				SWIFT_VERSION = 5.0;
				TARGETED_DEVICE_FAMILY = "1,2";
				TEST_TARGET_NAME = landmarkBook;
			};
			name = Release;
		};
/* End XCBuildConfiguration section */

/* Begin XCConfigurationList section */
		A2A5DFAF288D9A480068E8FC /* Build configuration list for PBXProject "landmarkBook" */ = {
			isa = XCConfigurationList;
			buildConfigurations = (
				A2A5DFDC288D9A490068E8FC /* Debug */,
				A2A5DFDD288D9A490068E8FC /* Release */,
			);
			defaultConfigurationIsVisible = 0;
			defaultConfigurationName = Release;
		};
		A2A5DFDE288D9A490068E8FC /* Build configuration list for PBXNativeTarget "landmarkBook" */ = {
			isa = XCConfigurationList;
			buildConfigurations = (
				A2A5DFDF288D9A490068E8FC /* Debug */,
				A2A5DFE0288D9A490068E8FC /* Release */,
			);
			defaultConfigurationIsVisible = 0;
			defaultConfigurationName = Release;
		};
		A2A5DFE1288D9A490068E8FC /* Build configuration list for PBXNativeTarget "landmarkBookTests" */ = {
			isa = XCConfigurationList;
			buildConfigurations = (
				A2A5DFE2288D9A490068E8FC /* Debug */,
				A2A5DFE3288D9A490068E8FC /* Release */,
			);
			defaultConfigurationIsVisible = 0;
			defaultConfigurationName = Release;
		};
		A2A5DFE4288D9A490068E8FC /* Build configuration list for PBXNativeTarget "landmarkBookUITests" */ = {
			isa = XCConfigurationList;
			buildConfigurations = (
				A2A5DFE5288D9A490068E8FC /* Debug */,
				A2A5DFE6288D9A490068E8FC /* Release */,
			);
			defaultConfigurationIsVisible = 0;
			defaultConfigurationName = Release;
		};
/* End XCConfigurationList section */
	};
	rootObject = A2A5DFAC288D9A480068E8FC /* Project object */;
}
